<?xml version="1.0" encoding="utf-8"?>
<Project ToolsVersion="4.0" xmlns="http://schemas.microsoft.com/developer/msbuild/2003">
  <ItemGroup>
    <ClCompile Include="AttackBoost.cpp" />
    <ClCompile Include="BaseMonster.cpp" />
    <ClCompile Include="BattleManager_ver1.cpp" />
    <ClCompile Include="BattleManager_ver2.cpp" />
    <ClCompile Include="EnemyFactory.cpp" />
    <ClCompile Include="EnragedState.cpp" />
    <ClCompile Include="GameManager.cpp" />
    <ClCompile Include="Goblin.cpp" />
    <ClCompile Include="HealthPotion.cpp" />
    <ClCompile Include="main.cpp" />
    <ClCompile Include="NormalState.cpp" />
    <ClCompile Include="Orc.cpp" />
    <ClCompile Include="PlayerCharacter.cpp" />
    <ClCompile Include="Framework.cpp" />
  </ItemGroup>
  <ItemGroup>
    <ClInclude Include="AttackBoost.h" />
    <ClInclude Include="BaseMonster.h" />
    <ClInclude Include="BattleManager_ver1.h" />
    <ClInclude Include="BattleManager_ver2.h" />
    <ClInclude Include="EnemyFactory.h" />
    <ClInclude Include="EnragedState.h" />
    <ClInclude Include="GameManager.h" />
    <ClInclude Include="Goblin.h" />
    <ClInclude Include="HealthPotion.h" />
    <ClInclude Include="IBattleManager.h" />
    <ClInclude Include="IState.h" />
    <ClInclude Include="Item.h" />
    <ClInclude Include="NormalState.h" />
    <ClInclude Include="Orc.h" />
    <ClInclude Include="PlayerCharacter.h" />
    <ClInclude Include="Framework.h" />
  </ItemGroup>
</Project>